
Microsoft Visual Studio Solution File, Format Version 12.00
# Visual Studio Version 16
VisualStudioVersion = 16.0.30523.141
MinimumVisualStudioVersion = 15.0.26124.0
Project("{2150E333-8FDC-42A3-9474-1A3956D46DE8}") = "Solution Items", "Solution Items", "{5F4EC9BA-21E4-4E56-A09D-744D021A5773}"
	ProjectSection(SolutionItems) = preProject
		Linnworks.db = Linnworks.db
		README.md = README.md
	EndProjectSection
EndProject
Project("{2150E333-8FDC-42A3-9474-1A3956D46DE8}") = "src", "src", "{2F28D773-E991-4C69-8EEA-052681E01435}"
EndProject
Project("{2150E333-8FDC-42A3-9474-1A3956D46DE8}") = "core", "core", "{D0F287AF-E9C5-4354-A490-A3F2BA8B1F24}"
EndProject
Project("{2150E333-8FDC-42A3-9474-1A3956D46DE8}") = "utils", "utils", "{B43668FA-9D35-49DD-A347-5B10C8EEA9AC}"
EndProject
Project("{9A19103F-16F7-4668-BE54-9A1E7A4F7556}") = "Linnworks.Domain", "src\core\Linnworks.Domain\Linnworks.Domain.csproj", "{A3013F60-F494-4117-88F6-C1FFE502BB7F}"
EndProject
Project("{9A19103F-16F7-4668-BE54-9A1E7A4F7556}") = "Linnworks.Infrastructure", "src\core\Linnworks.Infrastructure\Linnworks.Infrastructure.csproj", "{785860C9-D614-4055-88AE-4D5459DEC011}"
EndProject
Project("{9A19103F-16F7-4668-BE54-9A1E7A4F7556}") = "Linnworks.Application", "src\core\Linnworks.Application\Linnworks.Application.csproj", "{973DA2A9-ABF1-4667-9F56-193D26B0F5FE}"
EndProject
Project("{9A19103F-16F7-4668-BE54-9A1E7A4F7556}") = "Linnworks.DataSeederUtility", "src\utils\Linnworks.DataSeederUtility\Linnworks.DataSeederUtility.csproj", "{4D5B18C8-AACF-4BFA-B46B-0195C7EDBB02}"
EndProject
Global
	GlobalSection(SolutionConfigurationPlatforms) = preSolution
		Debug|Any CPU = Debug|Any CPU
		Debug|x64 = Debug|x64
		Debug|x86 = Debug|x86
		Release|Any CPU = Release|Any CPU
		Release|x64 = Release|x64
		Release|x86 = Release|x86
	EndGlobalSection
	GlobalSection(ProjectConfigurationPlatforms) = postSolution
		{A3013F60-F494-4117-88F6-C1FFE502BB7F}.Debug|Any CPU.ActiveCfg = Debug|Any CPU
		{A3013F60-F494-4117-88F6-C1FFE502BB7F}.Debug|Any CPU.Build.0 = Debug|Any CPU
		{A3013F60-F494-4117-88F6-C1FFE502BB7F}.Debug|x64.ActiveCfg = Debug|Any CPU
		{A3013F60-F494-4117-88F6-C1FFE502BB7F}.Debug|x64.Build.0 = Debug|Any CPU
		{A3013F60-F494-4117-88F6-C1FFE502BB7F}.Debug|x86.ActiveCfg = Debug|Any CPU
		{A3013F60-F494-4117-88F6-C1FFE502BB7F}.Debug|x86.Build.0 = Debug|Any CPU
		{A3013F60-F494-4117-88F6-C1FFE502BB7F}.Release|Any CPU.ActiveCfg = Release|Any CPU
		{A3013F60-F494-4117-88F6-C1FFE502BB7F}.Release|Any CPU.Build.0 = Release|Any CPU
		{A3013F60-F494-4117-88F6-C1FFE502BB7F}.Release|x64.ActiveCfg = Release|Any CPU
		{A3013F60-F494-4117-88F6-C1FFE502BB7F}.Release|x64.Build.0 = Release|Any CPU
		{A3013F60-F494-4117-88F6-C1FFE502BB7F}.Release|x86.ActiveCfg = Release|Any CPU
		{A3013F60-F494-4117-88F6-C1FFE502BB7F}.Release|x86.Build.0 = Release|Any CPU
		{785860C9-D614-4055-88AE-4D5459DEC011}.Debug|Any CPU.ActiveCfg = Debug|Any CPU
		{785860C9-D614-4055-88AE-4D5459DEC011}.Debug|Any CPU.Build.0 = Debug|Any CPU
		{785860C9-D614-4055-88AE-4D5459DEC011}.Debug|x64.ActiveCfg = Debug|Any CPU
		{785860C9-D614-4055-88AE-4D5459DEC011}.Debug|x64.Build.0 = Debug|Any CPU
		{785860C9-D614-4055-88AE-4D5459DEC011}.Debug|x86.ActiveCfg = Debug|Any CPU
		{785860C9-D614-4055-88AE-4D5459DEC011}.Debug|x86.Build.0 = Debug|Any CPU
		{785860C9-D614-4055-88AE-4D5459DEC011}.Release|Any CPU.ActiveCfg = Release|Any CPU
		{785860C9-D614-4055-88AE-4D5459DEC011}.Release|Any CPU.Build.0 = Release|Any CPU
		{785860C9-D614-4055-88AE-4D5459DEC011}.Release|x64.ActiveCfg = Release|Any CPU
		{785860C9-D614-4055-88AE-4D5459DEC011}.Release|x64.Build.0 = Release|Any CPU
		{785860C9-D614-4055-88AE-4D5459DEC011}.Release|x86.ActiveCfg = Release|Any CPU
		{785860C9-D614-4055-88AE-4D5459DEC011}.Release|x86.Build.0 = Release|Any CPU
		{973DA2A9-ABF1-4667-9F56-193D26B0F5FE}.Debug|Any CPU.ActiveCfg = Debug|Any CPU
		{973DA2A9-ABF1-4667-9F56-193D26B0F5FE}.Debug|Any CPU.Build.0 = Debug|Any CPU
		{973DA2A9-ABF1-4667-9F56-193D26B0F5FE}.Debug|x64.ActiveCfg = Debug|Any CPU
		{973DA2A9-ABF1-4667-9F56-193D26B0F5FE}.Debug|x64.Build.0 = Debug|Any CPU
		{973DA2A9-ABF1-4667-9F56-193D26B0F5FE}.Debug|x86.ActiveCfg = Debug|Any CPU
		{973DA2A9-ABF1-4667-9F56-193D26B0F5FE}.Debug|x86.Build.0 = Debug|Any CPU
		{973DA2A9-ABF1-4667-9F56-193D26B0F5FE}.Release|Any CPU.ActiveCfg = Release|Any CPU
		{973DA2A9-ABF1-4667-9F56-193D26B0F5FE}.Release|Any CPU.Build.0 = Release|Any CPU
		{973DA2A9-ABF1-4667-9F56-193D26B0F5FE}.Release|x64.ActiveCfg = Release|Any CPU
		{973DA2A9-ABF1-4667-9F56-193D26B0F5FE}.Release|x64.Build.0 = Release|Any CPU
		{973DA2A9-ABF1-4667-9F56-193D26B0F5FE}.Release|x86.ActiveCfg = Release|Any CPU
		{973DA2A9-ABF1-4667-9F56-193D26B0F5FE}.Release|x86.Build.0 = Release|Any CPU
		{4D5B18C8-AACF-4BFA-B46B-0195C7EDBB02}.Debug|Any CPU.ActiveCfg = Debug|Any CPU
		{4D5B18C8-AACF-4BFA-B46B-0195C7EDBB02}.Debug|Any CPU.Build.0 = Debug|Any CPU
		{4D5B18C8-AACF-4BFA-B46B-0195C7EDBB02}.Debug|x64.ActiveCfg = Debug|Any CPU
		{4D5B18C8-AACF-4BFA-B46B-0195C7EDBB02}.Debug|x64.Build.0 = Debug|Any CPU
		{4D5B18C8-AACF-4BFA-B46B-0195C7EDBB02}.Debug|x86.ActiveCfg = Debug|Any CPU
		{4D5B18C8-AACF-4BFA-B46B-0195C7EDBB02}.Debug|x86.Build.0 = Debug|Any CPU
		{4D5B18C8-AACF-4BFA-B46B-0195C7EDBB02}.Release|Any CPU.ActiveCfg = Release|Any CPU
		{4D5B18C8-AACF-4BFA-B46B-0195C7EDBB02}.Release|Any CPU.Build.0 = Release|Any CPU
		{4D5B18C8-AACF-4BFA-B46B-0195C7EDBB02}.Release|x64.ActiveCfg = Release|Any CPU
		{4D5B18C8-AACF-4BFA-B46B-0195C7EDBB02}.Release|x64.Build.0 = Release|Any CPU
		{4D5B18C8-AACF-4BFA-B46B-0195C7EDBB02}.Release|x86.ActiveCfg = Release|Any CPU
		{4D5B18C8-AACF-4BFA-B46B-0195C7EDBB02}.Release|x86.Build.0 = Release|Any CPU
	EndGlobalSection
	GlobalSection(SolutionProperties) = preSolution
		HideSolutionNode = FALSE
	EndGlobalSection
	GlobalSection(NestedProjects) = preSolution
		{D0F287AF-E9C5-4354-A490-A3F2BA8B1F24} = {2F28D773-E991-4C69-8EEA-052681E01435}
		{B43668FA-9D35-49DD-A347-5B10C8EEA9AC} = {2F28D773-E991-4C69-8EEA-052681E01435}
		{A3013F60-F494-4117-88F6-C1FFE502BB7F} = {D0F287AF-E9C5-4354-A490-A3F2BA8B1F24}
		{785860C9-D614-4055-88AE-4D5459DEC011} = {D0F287AF-E9C5-4354-A490-A3F2BA8B1F24}
		{973DA2A9-ABF1-4667-9F56-193D26B0F5FE} = {D0F287AF-E9C5-4354-A490-A3F2BA8B1F24}
		{4D5B18C8-AACF-4BFA-B46B-0195C7EDBB02} = {B43668FA-9D35-49DD-A347-5B10C8EEA9AC}
	EndGlobalSection
	GlobalSection(ExtensibilityGlobals) = postSolution
		SolutionGuid = {15E58F9A-EBE2-4618-A294-38FEC41FF5A5}
	EndGlobalSection
EndGlobal
